// !$*UTF8*$!
{
	archiveVersion = 1;
	classes = {
	};
	objectVersion = 46;
	objects = {

/* Begin PBXBuildFile section */
		9A907EC41F0C15A900C1A103 /* AppDelegate.swift in Sources */ = {isa = PBXBuildFile; fileRef = 9A907EC31F0C15A900C1A103 /* AppDelegate.swift */; };
		9A907EC61F0C15A900C1A103 /* ViewController.swift in Sources */ = {isa = PBXBuildFile; fileRef = 9A907EC51F0C15A900C1A103 /* ViewController.swift */; };
		9A907EC91F0C15A900C1A103 /* Main.storyboard in Resources */ = {isa = PBXBuildFile; fileRef = 9A907EC71F0C15A900C1A103 /* Main.storyboard */; };
		9A907ECB1F0C15A900C1A103 /* Assets.xcassets in Resources */ = {isa = PBXBuildFile; fileRef = 9A907ECA1F0C15A900C1A103 /* Assets.xcassets */; };
		9A907ECE1F0C15A900C1A103 /* LaunchScreen.storyboard in Resources */ = {isa = PBXBuildFile; fileRef = 9A907ECC1F0C15A900C1A103 /* LaunchScreen.storyboard */; };
		9A907ED61F0C16D800C1A103 /* ImageFit.swift in Sources */ = {isa = PBXBuildFile; fileRef = 9A907ED51F0C16D800C1A103 /* ImageFit.swift */; };
/* End PBXBuildFile section */

/* Begin PBXFileReference section */
		9A907EC01F0C15A900C1A103 /* DEMO.app */ = {isa = PBXFileReference; explicitFileType = wrapper.application; includeInIndex = 0; path = DEMO.app; sourceTree = BUILT_PRODUCTS_DIR; };
		9A907EC31F0C15A900C1A103 /* AppDelegate.swift */ = {isa = PBXFileReference; lastKnownFileType = sourcecode.swift; path = AppDelegate.swift; sourceTree = "<group>"; };
		9A907EC51F0C15A900C1A103 /* ViewController.swift */ = {isa = PBXFileReference; lastKnownFileType = sourcecode.swift; path = ViewController.swift; sourceTree = "<group>"; };
		9A907EC81F0C15A900C1A103 /* Base */ = {isa = PBXFileReference; lastKnownFileType = file.storyboard; name = Base; path = Base.lproj/Main.storyboard; sourceTree = "<group>"; };
		9A907ECA1F0C15A900C1A103 /* Assets.xcassets */ = {isa = PBXFileReference; lastKnownFileType = folder.assetcatalog; path = Assets.xcassets; sourceTree = "<group>"; };
		9A907ECD1F0C15A900C1A103 /* Base */ = {isa = PBXFileReference; lastKnownFileType = file.storyboard; name = Base; path = Base.lproj/LaunchScreen.storyboard; sourceTree = "<group>"; };
		9A907ECF1F0C15A900C1A103 /* Info.plist */ = {isa = PBXFileReference; lastKnownFileType = text.plist.xml; path = Info.plist; sourceTree = "<group>"; };
		9A907ED51F0C16D800C1A103 /* ImageFit.swift */ = {isa = PBXFileReference; fileEncoding = 4; lastKnownFileType = sourcecode.swift; path = ImageFit.swift; sourceTree = "<group>"; };
/* End PBXFileReference section */

/* Begin PBXFrameworksBuildPhase section */
		9A907EBD1F0C15A900C1A103 /* Frameworks */ = {
			isa = PBXFrameworksBuildPhase;
			buildActionMask = 2147483647;
			files = (
			);
			runOnlyForDeploymentPostprocessing = 0;
		};
/* End PBXFrameworksBuildPhase section */

/* Begin PBXGroup section */
		9A907EB71F0C15A900C1A103 = {
			isa = PBXGroup;
			children = (
				9A907EC21F0C15A900C1A103 /* DEMO */,
				9A907EC11F0C15A900C1A103 /* Products */,
			);
			sourceTree = "<group>";
		};
		9A907EC11F0C15A900C1A103 /* Products */ = {
			isa = PBXGroup;
			children = (
				9A907EC01F0C15A900C1A103 /* DEMO.app */,
			);
			name = Products;
			sourceTree = "<group>";
		};
		9A907EC21F0C15A900C1A103 /* DEMO */ = {
			isa = PBXGroup;
			children = (
				9A907EC31F0C15A900C1A103 /* AppDelegate.swift */,
				9A907EC51F0C15A900C1A103 /* ViewController.swift */,
				9A907EC71F0C15A900C1A103 /* Main.storyboard */,
				9A907ECA1F0C15A900C1A103 /* Assets.xcassets */,
				9A907ECC1F0C15A900C1A103 /* LaunchScreen.storyboard */,
				9A907ECF1F0C15A900C1A103 /* Info.plist */,
				9A907ED51F0C16D800C1A103 /* ImageFit.swift */,
			);
			path = DEMO;
			sourceTree = "<group>";
		};
/* End PBXGroup section */

/* Begin PBXNativeTarget section */
		9A907EBF1F0C15A900C1A103 /* DEMO */ = {
			isa = PBXNativeTarget;
			buildConfigurationList = 9A907ED21F0C15A900C1A103 /* Build configuration list for PBXNativeTarget "DEMO" */;
			buildPhases = (
				9A907EBC1F0C15A900C1A103 /* Sources */,
				9A907EBD1F0C15A900C1A103 /* Frameworks */,
				9A907EBE1F0C15A900C1A103 /* Resources */,
			);
			buildRules = (
			);
			dependencies = (
			);
			name = DEMO;
			productName = DEMO;
			productReference = 9A907EC01F0C15A900C1A103 /* DEMO.app */;
			productType = "com.apple.product-type.application";
		};
/* End PBXNativeTarget section */

/* Begin PBXProject section */
		9A907EB81F0C15A900C1A103 /* Project object */ = {
			isa = PBXProject;
			attributes = {
				LastSwiftUpdateCheck = 0830;
				LastUpgradeCheck = 0830;
				ORGANIZATIONNAME = konojunya;
				TargetAttributes = {
					9A907EBF1F0C15A900C1A103 = {
						CreatedOnToolsVersion = 8.3.2;
						DevelopmentTeam = RH75B2UCHQ;
						ProvisioningStyle = Automatic;
					};
				};
			};
			buildConfigurationList = 9A907EBB1F0C15A900C1A103 /* Build configuration list for PBXProject "DEMO" */;
			compatibilityVersion = "Xcode 3.2";
			developmentRegion = English;
			hasScannedForEncodings = 0;
			knownRegions = (
				en,
				Base,
			);
			mainGroup = 9A907EB71F0C15A900C1A103;
			productRefGroup = 9A907EC11F0C15A900C1A103 /* Products */;
			projectDirPath = "";
			projectRoot = "";
			targets = (
				9A907EBF1F0C15A900C1A103 /* DEMO */,
			);
		};
/* End PBXProject section */

/* Begin PBXResourcesBuildPhase section */
		9A907EBE1F0C15A900C1A103 /* Resources */ = {
			isa = PBXResourcesBuildPhase;
			buildActionMask = 2147483647;
			files = (
				9A907ECE1F0C15A900C1A103 /* LaunchScreen.storyboard in Resources */,
				9A907ECB1F0C15A900C1A103 /* Assets.xcassets in Resources */,
				9A907EC91F0C15A900C1A103 /* Main.storyboard in Resources */,
			);
			runOnlyForDeploymentPostprocessing = 0;
		};
/* End PBXResourcesBuildPhase section */

/* Begin PBXSourcesBuildPhase section */
		9A907EBC1F0C15A900C1A103 /* Sources */ = {
			isa = PBXSourcesBuildPhase;
			buildActionMask = 2147483647;
			files = (
				9A907ED61F0C16D800C1A103 /* ImageFit.swift in Sources */,
				9A907EC61F0C15A900C1A103 /* ViewController.swift in Sources */,
				9A907EC41F0C15A900C1A103 /* AppDelegate.swift in Sources */,
			);
			runOnlyForDeploymentPostprocessing = 0;
		};
/* End PBXSourcesBuildPhase section */

/* Begin PBXVariantGroup section */
		9A907EC71F0C15A900C1A103 /* Main.storyboard */ = {
			isa = PBXVariantGroup;
			children = (
				9A907EC81F0C15A900C1A103 /* Base */,
			);
			name = Main.storyboard;
			sourceTree = "<group>";
		};
		9A907ECC1F0C15A900C1A103 /* LaunchScreen.storyboard */ = {
			isa = PBXVariantGroup;
			children = (
				9A907ECD1F0C15A900C1A103 /* Base */,
			);
			name = LaunchScreen.storyboard;
			sourceTree = "<group>";
		};
/* End PBXVariantGroup section */

/* Begin XCBuildConfiguration section */
		9A907ED01F0C15A900C1A103 /* Debug */ = {
			isa = XCBuildConfiguration;
			buildSettings = {
				ALWAYS_SEARCH_USER_PATHS = NO;
				CLANG_ANALYZER_NONNULL = YES;
				CLANG_ANALYZER_NUMBER_OBJECT_CONVERSION = YES_AGGRESSIVE;
				CLANG_CXX_LANGUAGE_STANDARD = "gnu++0x";
				CLANG_CXX_LIBRARY = "libc++";
				CLANG_ENABLE_MODULES = YES;
				CLANG_ENABLE_OBJC_ARC = YES;
				CLANG_WARN_BOOL_CONVERSION = YES;
				CLANG_WARN_CONSTANT_CONVERSION = YES;
				CLANG_WARN_DIRECT_OBJC_ISA_USAGE = YES_ERROR;
				CLANG_WARN_DOCUMENTATION_COMMENTS = YES;
				CLANG_WARN_EMPTY_BODY = YES;
				CLANG_WARN_ENUM_CONVERSION = YES;
				CLANG_WARN_INFINITE_RECURSION = YES;
				CLANG_WARN_INT_CONVERSION = YES;
				CLANG_WARN_OBJC_ROOT_CLASS = YES_ERROR;
				CLANG_WARN_SUSPICIOUS_MOVE = YES;
				CLANG_WARN_UNREACHABLE_CODE = YES;
				CLANG_WARN__DUPLICATE_METHOD_MATCH = YES;
				"CODE_SIGN_IDENTITY[sdk=iphoneos*]" = "iPhone Developer";
				COPY_PHASE_STRIP = NO;
				DEBUG_INFORMATION_FORMAT = dwarf;
				ENABLE_STRICT_OBJC_MSGSEND = YES;
				ENABLE_TESTABILITY = YES;
				GCC_C_LANGUAGE_STANDARD = gnu99;
				GCC_DYNAMIC_NO_PIC = NO;
				GCC_NO_COMMON_BLOCKS = YES;
				GCC_OPTIMIZATION_LEVEL = 0;
				GCC_PREPROCESSOR_DEFINITIONS = (
					"DEBUG=1",
					"$(inherited)",
				);
				GCC_WARN_64_TO_32_BIT_CONVERSION = YES;
				GCC_WARN_ABOUT_RETURN_TYPE = YES_ERROR;
				GCC_WARN_UNDECLARED_SELECTOR = YES;
				GCC_WARN_UNINITIALIZED_AUTOS = YES_AGGRESSIVE;
				GCC_WARN_UNUSED_FUNCTION = YES;
				GCC_WARN_UNUSED_VARIABLE = YES;
				IPHONEOS_DEPLOYMENT_TARGET = 10.3;
				MTL_ENABLE_DEBUG_INFO = YES;
				ONLY_ACTIVE_ARCH = YES;
				SDKROOT = iphoneos;
				SWIFT_ACTIVE_COMPILATION_CONDITIONS = DEBUG;
				SWIFT_OPTIMIZATION_LEVEL = "-Onone";
			};
			name = Debug;
		};
		9A907ED11F0C15A900C1A103 /* Release */ = {
			isa = XCBuildConfiguration;
			buildSettings = {
				ALWAYS_SEARCH_USER_PATHS = NO;
				CLANG_ANALYZER_NONNULL = YES;
				CLANG_ANALYZER_NUMBER_OBJECT_CONVERSION = YES_AGGRESSIVE;
				CLANG_CXX_LANGUAGE_STANDARD = "gnu++0x";
				CLANG_CXX_LIBRARY = "libc++";
				CLANG_ENABLE_MODULES = YES;
				CLANG_ENABLE_OBJC_ARC = YES;
				CLANG_WARN_BOOL_CONVERSION = YES;
				CLANG_WARN_CONSTANT_CONVERSION = YES;
				CLANG_WARN_DIRECT_OBJC_ISA_USAGE = YES_ERROR;
				CLANG_WARN_DOCUMENTATION_COMMENTS = YES;
				CLANG_WARN_EMPTY_BODY = YES;
				CLANG_WARN_ENUM_CONVERSION = YES;
				CLANG_WARN_INFINITE_RECURSION = YES;
				CLANG_WARN_INT_CONVERSION = YES;
				CLANG_WARN_OBJC_ROOT_CLASS = YES_ERROR;
				CLANG_WARN_SUSPICIOUS_MOVE = YES;
				CLANG_WARN_UNREACHABLE_CODE = YES;
				CLANG_WARN__DUPLICATE_METHOD_MATCH = YES;
				"CODE_SIGN_IDENTITY[sdk=iphoneos*]" = "iPhone Developer";
				COPY_PHASE_STRIP = NO;
				DEBUG_INFORMATION_FORMAT = "dwarf-with-dsym";
				ENABLE_NS_ASSERTIONS = NO;
				ENABLE_STRICT_OBJC_MSGSEND = YES;
				GCC_C_LANGUAGE_STANDARD = gnu99;
				GCC_NO_COMMON_BLOCKS = YES;
				GCC_WARN_64_TO_32_BIT_CONVERSION = YES;
				GCC_WARN_ABOUT_RETURN_TYPE = YES_ERROR;
				GCC_WARN_UNDECLARED_SELECTOR = YES;
				GCC_WARN_UNINITIALIZED_AUTOS = YES_AGGRESSIVE;
				GCC_WARN_UNUSED_FUNCTION = YES;
				GCC_WARN_UNUSED_VARIABLE = YES;
				IPHONEOS_DEPLOYMENT_TARGET = 10.3;
				MTL_ENABLE_DEBUG_INFO = NO;
				SDKROOT = iphoneos;
				SWIFT_OPTIMIZATION_LEVEL = "-Owholemodule";
				VALIDATE_PRODUCT = YES;
			};
			name = Release;
		};
		9A907ED31F0C15A900C1A103 /* Debug */ = {
			isa = XCBuildConfiguration;
			buildSettings = {
				ASSETCATALOG_COMPILER_APPICON_NAME = AppIcon;
				DEVELOPMENT_TEAM = RH75B2UCHQ;
				INFOPLIST_FILE = DEMO/Info.plist;
				LD_RUNPATH_SEARCH_PATHS = "$(inherited) @executable_path/Frameworks";
				PRODUCT_BUNDLE_IDENTIFIER = konojunya.DEMO;
				PRODUCT_NAME = "$(TARGET_NAME)";
				SWIFT_VERSION = 3.0;
			};
			name = Debug;
		};
		9A907ED41F0C15A900C1A103 /* Release */ = {
			isa = XCBuildConfiguration;
			buildSettings = {
				ASSETCATALOG_COMPILER_APPICON_NAME = AppIcon;
				DEVELOPMENT_TEAM = RH75B2UCHQ;
				INFOPLIST_FILE = DEMO/Info.plist;
				LD_RUNPATH_SEARCH_PATHS = "$(inherited) @executable_path/Frameworks";
				PRODUCT_BUNDLE_IDENTIFIER = konojunya.DEMO;
				PRODUCT_NAME = "$(TARGET_NAME)";
				SWIFT_VERSION = 3.0;
			};
			name = Release;
		};
/* End XCBuildConfiguration section */

/* Begin XCConfigurationList section */
		9A907EBB1F0C15A900C1A103 /* Build configuration list for PBXProject "DEMO" */ = {
			isa = XCConfigurationList;
			buildConfigurations = (
				9A907ED01F0C15A900C1A103 /* Debug */,
				9A907ED11F0C15A900C1A103 /* Release */,
			);
			defaultConfigurationIsVisible = 0;
			defaultConfigurationName = Release;
		};
		9A907ED21F0C15A900C1A103 /* Build configuration list for PBXNativeTarget "DEMO" */ = {
			isa = XCConfigurationList;
			buildConfigurations = (
				9A907ED31F0C15A900C1A103 /* Debug */,
				9A907ED41F0C15A900C1A103 /* Release */,
			);
			defaultConfigurationIsVisible = 0;
		};
/* End XCConfigurationList section */
	};
	rootObject = 9A907EB81F0C15A900C1A103 /* Project object */;
}
